
Microsoft Visual Studio Solution File, Format Version 12.00
# Visual Studio Version 16
VisualStudioVersion = 16.0.31205.134
MinimumVisualStudioVersion = 10.0.40219.1
Project("{FAE04EC0-301F-11D3-BF4B-00C04F79EFBC}") = "multiroles", "multiroles\multiroles.csproj", "{125BCB90-B863-4CF0-8D90-90FB17A5C8CF}"
EndProject
Global
	GlobalSection(SolutionConfigurationPlatforms) = preSolution
		Debug|Any CPU = Debug|Any CPU
		Release|Any CPU = Release|Any CPU
	EndGlobalSection
	GlobalSection(ProjectConfigurationPlatforms) = postSolution
		{125BCB90-B863-4CF0-8D90-90FB17A5C8CF}.Debug|Any CPU.ActiveCfg = Debug|Any CPU
		{125BCB90-B863-4CF0-8D90-90FB17A5C8CF}.Debug|Any CPU.Build.0 = Debug|Any CPU
		{125BCB90-B863-4CF0-8D90-90FB17A5C8CF}.Release|Any CPU.ActiveCfg = Release|Any CPU
		{125BCB90-B863-4CF0-8D90-90FB17A5C8CF}.Release|Any CPU.Build.0 = Release|Any CPU
	EndGlobalSection
	GlobalSection(SolutionProperties) = preSolution
		HideSolutionNode = FALSE
	EndGlobalSection
	GlobalSection(ExtensibilityGlobals) = postSolution
		SolutionGuid = {B9AAE815-9C43-434E-B4F1-1A50CE2FE766}
	EndGlobalSection
EndGlobal
